
Microsoft Visual Studio Solution File, Format Version 12.00
# Visual Studio Version 17
VisualStudioVersion = 17.0.31903.59
MinimumVisualStudioVersion = 10.0.40219.1
Project("{FAE04EC0-301F-11D3-BF4B-00C04F79EFBC}") = "throw-exceptions", "throw-exceptions.csproj", "{DF436334-B6EE-4275-8177-BC66D8ADE948}"
EndProject
Global
	GlobalSection(SolutionConfigurationPlatforms) = preSolution
		Debug|Any CPU = Debug|Any CPU
		Release|Any CPU = Release|Any CPU
	EndGlobalSection
	GlobalSection(SolutionProperties) = preSolution
		HideSolutionNode = FALSE
	EndGlobalSection
	GlobalSection(ProjectConfigurationPlatforms) = postSolution
		{DF436334-B6EE-4275-8177-BC66D8ADE948}.Debug|Any CPU.ActiveCfg = Debug|Any CPU
		{DF436334-B6EE-4275-8177-BC66D8ADE948}.Debug|Any CPU.Build.0 = Debug|Any CPU
		{DF436334-B6EE-4275-8177-BC66D8ADE948}.Release|Any CPU.ActiveCfg = Release|Any CPU
		{DF436334-B6EE-4275-8177-BC66D8ADE948}.Release|Any CPU.Build.0 = Release|Any CPU
	EndGlobalSection
EndGlobal
