
Microsoft Visual Studio Solution File, Format Version 12.00
# Visual Studio Version 17
VisualStudioVersion = 17.0.31903.59
MinimumVisualStudioVersion = 10.0.40219.1
Project("{FAE04EC0-301F-11D3-BF4B-00C04F79EFBC}") = "WhatIsNotDI", "WhatIsNotDI\WhatIsNotDI.csproj", "{24E71114-4C0E-4E08-BCF6-1804487706B8}"
EndProject
Project("{FAE04EC0-301F-11D3-BF4B-00C04F79EFBC}") = "WhatIsDI", "WhatIsDI\WhatIsDI.csproj", "{424B70CB-FB24-4857-85EB-8E8CD57FC6BA}"
EndProject
Global
	GlobalSection(SolutionConfigurationPlatforms) = preSolution
		Debug|Any CPU = Debug|Any CPU
		Release|Any CPU = Release|Any CPU
	EndGlobalSection
	GlobalSection(SolutionProperties) = preSolution
		HideSolutionNode = FALSE
	EndGlobalSection
	GlobalSection(ProjectConfigurationPlatforms) = postSolution
		{24E71114-4C0E-4E08-BCF6-1804487706B8}.Debug|Any CPU.ActiveCfg = Debug|Any CPU
		{24E71114-4C0E-4E08-BCF6-1804487706B8}.Debug|Any CPU.Build.0 = Debug|Any CPU
		{24E71114-4C0E-4E08-BCF6-1804487706B8}.Release|Any CPU.ActiveCfg = Release|Any CPU
		{24E71114-4C0E-4E08-BCF6-1804487706B8}.Release|Any CPU.Build.0 = Release|Any CPU
		{424B70CB-FB24-4857-85EB-8E8CD57FC6BA}.Debug|Any CPU.ActiveCfg = Debug|Any CPU
		{424B70CB-FB24-4857-85EB-8E8CD57FC6BA}.Debug|Any CPU.Build.0 = Debug|Any CPU
		{424B70CB-FB24-4857-85EB-8E8CD57FC6BA}.Release|Any CPU.ActiveCfg = Release|Any CPU
		{424B70CB-FB24-4857-85EB-8E8CD57FC6BA}.Release|Any CPU.Build.0 = Release|Any CPU
	EndGlobalSection
EndGlobal
